// !$*UTF8*$!
{
	archiveVersion = 1;
	classes = {
	};
	objectVersion = 46;
	objects = {

/* Begin PBXBuildFile section */
		84C42A461EC2B5570026FAFD /* main.m in Sources */ = {isa = PBXBuildFile; fileRef = 84C42A451EC2B5570026FAFD /* main.m */; };
		84C42A491EC2B5570026FAFD /* AppDelegate.m in Sources */ = {isa = PBXBuildFile; fileRef = 84C42A481EC2B5570026FAFD /* AppDelegate.m */; };
		84C42A4C1EC2B5570026FAFD /* ViewController.m in Sources */ = {isa = PBXBuildFile; fileRef = 84C42A4B1EC2B5570026FAFD /* ViewController.m */; };
		84C42A4F1EC2B5570026FAFD /* Main.storyboard in Resources */ = {isa = PBXBuildFile; fileRef = 84C42A4D1EC2B5570026FAFD /* Main.storyboard */; };
		84C42A521EC2B5570026FAFD /* iOS_views.xcdatamodeld in Sources */ = {isa = PBXBuildFile; fileRef = 84C42A501EC2B5570026FAFD /* iOS_views.xcdatamodeld */; };
		84C42A541EC2B5570026FAFD /* Assets.xcassets in Resources */ = {isa = PBXBuildFile; fileRef = 84C42A531EC2B5570026FAFD /* Assets.xcassets */; };
		84C42A571EC2B5570026FAFD /* LaunchScreen.storyboard in Resources */ = {isa = PBXBuildFile; fileRef = 84C42A551EC2B5570026FAFD /* LaunchScreen.storyboard */; };
/* End PBXBuildFile section */

/* Begin PBXFileReference section */
		84C42A411EC2B5570026FAFD /* iOS_views.app */ = {isa = PBXFileReference; explicitFileType = wrapper.application; includeInIndex = 0; path = iOS_views.app; sourceTree = BUILT_PRODUCTS_DIR; };
		84C42A451EC2B5570026FAFD /* main.m */ = {isa = PBXFileReference; lastKnownFileType = sourcecode.c.objc; path = main.m; sourceTree = "<group>"; };
		84C42A471EC2B5570026FAFD /* AppDelegate.h */ = {isa = PBXFileReference; lastKnownFileType = sourcecode.c.h; path = AppDelegate.h; sourceTree = "<group>"; };
		84C42A481EC2B5570026FAFD /* AppDelegate.m */ = {isa = PBXFileReference; lastKnownFileType = sourcecode.c.objc; path = AppDelegate.m; sourceTree = "<group>"; };
		84C42A4A1EC2B5570026FAFD /* ViewController.h */ = {isa = PBXFileReference; lastKnownFileType = sourcecode.c.h; path = ViewController.h; sourceTree = "<group>"; };
		84C42A4B1EC2B5570026FAFD /* ViewController.m */ = {isa = PBXFileReference; lastKnownFileType = sourcecode.c.objc; path = ViewController.m; sourceTree = "<group>"; };
		84C42A4E1EC2B5570026FAFD /* Base */ = {isa = PBXFileReference; lastKnownFileType = file.storyboard; name = Base; path = Base.lproj/Main.storyboard; sourceTree = "<group>"; };
		84C42A511EC2B5570026FAFD /* iOS_views.xcdatamodel */ = {isa = PBXFileReference; lastKnownFileType = wrapper.xcdatamodel; path = iOS_views.xcdatamodel; sourceTree = "<group>"; };
		84C42A531EC2B5570026FAFD /* Assets.xcassets */ = {isa = PBXFileReference; lastKnownFileType = folder.assetcatalog; path = Assets.xcassets; sourceTree = "<group>"; };
		84C42A561EC2B5570026FAFD /* Base */ = {isa = PBXFileReference; lastKnownFileType = file.storyboard; name = Base; path = Base.lproj/LaunchScreen.storyboard; sourceTree = "<group>"; };
		84C42A581EC2B5570026FAFD /* Info.plist */ = {isa = PBXFileReference; lastKnownFileType = text.plist.xml; path = Info.plist; sourceTree = "<group>"; };
/* End PBXFileReference section */

/* Begin PBXFrameworksBuildPhase section */
		84C42A3E1EC2B5570026FAFD /* Frameworks */ = {
			isa = PBXFrameworksBuildPhase;
			buildActionMask = 2147483647;
			files = (
			);
			runOnlyForDeploymentPostprocessing = 0;
		};
/* End PBXFrameworksBuildPhase section */

/* Begin PBXGroup section */
		84C42A381EC2B5570026FAFD = {
			isa = PBXGroup;
			children = (
				84C42A431EC2B5570026FAFD /* iOS_views */,
				84C42A421EC2B5570026FAFD /* Products */,
			);
			sourceTree = "<group>";
		};
		84C42A421EC2B5570026FAFD /* Products */ = {
			isa = PBXGroup;
			children = (
				84C42A411EC2B5570026FAFD /* iOS_views.app */,
			);
			name = Products;
			sourceTree = "<group>";
		};
		84C42A431EC2B5570026FAFD /* iOS_views */ = {
			isa = PBXGroup;
			children = (
				84C42A471EC2B5570026FAFD /* AppDelegate.h */,
				84C42A481EC2B5570026FAFD /* AppDelegate.m */,
				84C42A4A1EC2B5570026FAFD /* ViewController.h */,
				84C42A4B1EC2B5570026FAFD /* ViewController.m */,
				84C42A4D1EC2B5570026FAFD /* Main.storyboard */,
				84C42A531EC2B5570026FAFD /* Assets.xcassets */,
				84C42A551EC2B5570026FAFD /* LaunchScreen.storyboard */,
				84C42A581EC2B5570026FAFD /* Info.plist */,
				84C42A501EC2B5570026FAFD /* iOS_views.xcdatamodeld */,
				84C42A441EC2B5570026FAFD /* Supporting Files */,
			);
			path = iOS_views;
			sourceTree = "<group>";
		};
		84C42A441EC2B5570026FAFD /* Supporting Files */ = {
			isa = PBXGroup;
			children = (
				84C42A451EC2B5570026FAFD /* main.m */,
			);
			name = "Supporting Files";
			sourceTree = "<group>";
		};
/* End PBXGroup section */

/* Begin PBXNativeTarget section */
		84C42A401EC2B5570026FAFD /* iOS_views */ = {
			isa = PBXNativeTarget;
			buildConfigurationList = 84C42A5B1EC2B5570026FAFD /* Build configuration list for PBXNativeTarget "iOS_views" */;
			buildPhases = (
				84C42A3D1EC2B5570026FAFD /* Sources */,
				84C42A3E1EC2B5570026FAFD /* Frameworks */,
				84C42A3F1EC2B5570026FAFD /* Resources */,
			);
			buildRules = (
			);
			dependencies = (
			);
			name = iOS_views;
			productName = iOS_views;
			productReference = 84C42A411EC2B5570026FAFD /* iOS_views.app */;
			productType = "com.apple.product-type.application";
		};
/* End PBXNativeTarget section */

/* Begin PBXProject section */
		84C42A391EC2B5570026FAFD /* Project object */ = {
			isa = PBXProject;
			attributes = {
				LastUpgradeCheck = 0730;
				ORGANIZATIONNAME = TMA;
				TargetAttributes = {
					84C42A401EC2B5570026FAFD = {
						CreatedOnToolsVersion = 7.3;
					};
				};
			};
			buildConfigurationList = 84C42A3C1EC2B5570026FAFD /* Build configuration list for PBXProject "iOS_views" */;
			compatibilityVersion = "Xcode 3.2";
			developmentRegion = English;
			hasScannedForEncodings = 0;
			knownRegions = (
				en,
				Base,
			);
			mainGroup = 84C42A381EC2B5570026FAFD;
			productRefGroup = 84C42A421EC2B5570026FAFD /* Products */;
			projectDirPath = "";
			projectRoot = "";
			targets = (
				84C42A401EC2B5570026FAFD /* iOS_views */,
			);
		};
/* End PBXProject section */

/* Begin PBXResourcesBuildPhase section */
		84C42A3F1EC2B5570026FAFD /* Resources */ = {
			isa = PBXResourcesBuildPhase;
			buildActionMask = 2147483647;
			files = (
				84C42A571EC2B5570026FAFD /* LaunchScreen.storyboard in Resources */,
				84C42A541EC2B5570026FAFD /* Assets.xcassets in Resources */,
				84C42A4F1EC2B5570026FAFD /* Main.storyboard in Resources */,
			);
			runOnlyForDeploymentPostprocessing = 0;
		};
/* End PBXResourcesBuildPhase section */

/* Begin PBXSourcesBuildPhase section */
		84C42A3D1EC2B5570026FAFD /* Sources */ = {
			isa = PBXSourcesBuildPhase;
			buildActionMask = 2147483647;
			files = (
				84C42A4C1EC2B5570026FAFD /* ViewController.m in Sources */,
				84C42A491EC2B5570026FAFD /* AppDelegate.m in Sources */,
				84C42A521EC2B5570026FAFD /* iOS_views.xcdatamodeld in Sources */,
				84C42A461EC2B5570026FAFD /* main.m in Sources */,
			);
			runOnlyForDeploymentPostprocessing = 0;
		};
/* End PBXSourcesBuildPhase section */

/* Begin PBXVariantGroup section */
		84C42A4D1EC2B5570026FAFD /* Main.storyboard */ = {
			isa = PBXVariantGroup;
			children = (
				84C42A4E1EC2B5570026FAFD /* Base */,
			);
			name = Main.storyboard;
			sourceTree = "<group>";
		};
		84C42A551EC2B5570026FAFD /* LaunchScreen.storyboard */ = {
			isa = PBXVariantGroup;
			children = (
				84C42A561EC2B5570026FAFD /* Base */,
			);
			name = LaunchScreen.storyboard;
			sourceTree = "<group>";
		};
/* End PBXVariantGroup section */

/* Begin XCBuildConfiguration section */
		84C42A591EC2B5570026FAFD /* Debug */ = {
			isa = XCBuildConfiguration;
			buildSettings = {
				ALWAYS_SEARCH_USER_PATHS = NO;
				CLANG_ANALYZER_NONNULL = YES;
				CLANG_CXX_LANGUAGE_STANDARD = "gnu++0x";
				CLANG_CXX_LIBRARY = "libc++";
				CLANG_ENABLE_MODULES = YES;
				CLANG_ENABLE_OBJC_ARC = YES;
				CLANG_WARN_BOOL_CONVERSION = YES;
				CLANG_WARN_CONSTANT_CONVERSION = YES;
				CLANG_WARN_DIRECT_OBJC_ISA_USAGE = YES_ERROR;
				CLANG_WARN_EMPTY_BODY = YES;
				CLANG_WARN_ENUM_CONVERSION = YES;
				CLANG_WARN_INT_CONVERSION = YES;
				CLANG_WARN_OBJC_ROOT_CLASS = YES_ERROR;
				CLANG_WARN_UNREACHABLE_CODE = YES;
				CLANG_WARN__DUPLICATE_METHOD_MATCH = YES;
				"CODE_SIGN_IDENTITY[sdk=iphoneos*]" = "iPhone Developer";
				COPY_PHASE_STRIP = NO;
				DEBUG_INFORMATION_FORMAT = dwarf;
				ENABLE_STRICT_OBJC_MSGSEND = YES;
				ENABLE_TESTABILITY = YES;
				GCC_C_LANGUAGE_STANDARD = gnu99;
				GCC_DYNAMIC_NO_PIC = NO;
				GCC_NO_COMMON_BLOCKS = YES;
				GCC_OPTIMIZATION_LEVEL = 0;
				GCC_PREPROCESSOR_DEFINITIONS = (
					"DEBUG=1",
					"$(inherited)",
				);
				GCC_WARN_64_TO_32_BIT_CONVERSION = YES;
				GCC_WARN_ABOUT_RETURN_TYPE = YES_ERROR;
				GCC_WARN_UNDECLARED_SELECTOR = YES;
				GCC_WARN_UNINITIALIZED_AUTOS = YES_AGGRESSIVE;
				GCC_WARN_UNUSED_FUNCTION = YES;
				GCC_WARN_UNUSED_VARIABLE = YES;
				IPHONEOS_DEPLOYMENT_TARGET = 9.3;
				MTL_ENABLE_DEBUG_INFO = YES;
				ONLY_ACTIVE_ARCH = YES;
				SDKROOT = iphoneos;
			};
			name = Debug;
		};
		84C42A5A1EC2B5570026FAFD /* Release */ = {
			isa = XCBuildConfiguration;
			buildSettings = {
				ALWAYS_SEARCH_USER_PATHS = NO;
				CLANG_ANALYZER_NONNULL = YES;
				CLANG_CXX_LANGUAGE_STANDARD = "gnu++0x";
				CLANG_CXX_LIBRARY = "libc++";
				CLANG_ENABLE_MODULES = YES;
				CLANG_ENABLE_OBJC_ARC = YES;
				CLANG_WARN_BOOL_CONVERSION = YES;
				CLANG_WARN_CONSTANT_CONVERSION = YES;
				CLANG_WARN_DIRECT_OBJC_ISA_USAGE = YES_ERROR;
				CLANG_WARN_EMPTY_BODY = YES;
				CLANG_WARN_ENUM_CONVERSION = YES;
				CLANG_WARN_INT_CONVERSION = YES;
				CLANG_WARN_OBJC_ROOT_CLASS = YES_ERROR;
				CLANG_WARN_UNREACHABLE_CODE = YES;
				CLANG_WARN__DUPLICATE_METHOD_MATCH = YES;
				"CODE_SIGN_IDENTITY[sdk=iphoneos*]" = "iPhone Developer";
				COPY_PHASE_STRIP = NO;
				DEBUG_INFORMATION_FORMAT = "dwarf-with-dsym";
				ENABLE_NS_ASSERTIONS = NO;
				ENABLE_STRICT_OBJC_MSGSEND = YES;
				GCC_C_LANGUAGE_STANDARD = gnu99;
				GCC_NO_COMMON_BLOCKS = YES;
				GCC_WARN_64_TO_32_BIT_CONVERSION = YES;
				GCC_WARN_ABOUT_RETURN_TYPE = YES_ERROR;
				GCC_WARN_UNDECLARED_SELECTOR = YES;
				GCC_WARN_UNINITIALIZED_AUTOS = YES_AGGRESSIVE;
				GCC_WARN_UNUSED_FUNCTION = YES;
				GCC_WARN_UNUSED_VARIABLE = YES;
				IPHONEOS_DEPLOYMENT_TARGET = 9.3;
				MTL_ENABLE_DEBUG_INFO = NO;
				SDKROOT = iphoneos;
				VALIDATE_PRODUCT = YES;
			};
			name = Release;
		};
		84C42A5C1EC2B5570026FAFD /* Debug */ = {
			isa = XCBuildConfiguration;
			buildSettings = {
				ASSETCATALOG_COMPILER_APPICON_NAME = AppIcon;
				INFOPLIST_FILE = iOS_views/Info.plist;
				LD_RUNPATH_SEARCH_PATHS = "$(inherited) @executable_path/Frameworks";
				PRODUCT_BUNDLE_IDENTIFIER = "recochoku.iOS-views";
				PRODUCT_NAME = "$(TARGET_NAME)";
			};
			name = Debug;
		};
		84C42A5D1EC2B5570026FAFD /* Release */ = {
			isa = XCBuildConfiguration;
			buildSettings = {
				ASSETCATALOG_COMPILER_APPICON_NAME = AppIcon;
				INFOPLIST_FILE = iOS_views/Info.plist;
				LD_RUNPATH_SEARCH_PATHS = "$(inherited) @executable_path/Frameworks";
				PRODUCT_BUNDLE_IDENTIFIER = "recochoku.iOS-views";
				PRODUCT_NAME = "$(TARGET_NAME)";
			};
			name = Release;
		};
/* End XCBuildConfiguration section */

/* Begin XCConfigurationList section */
		84C42A3C1EC2B5570026FAFD /* Build configuration list for PBXProject "iOS_views" */ = {
			isa = XCConfigurationList;
			buildConfigurations = (
				84C42A591EC2B5570026FAFD /* Debug */,
				84C42A5A1EC2B5570026FAFD /* Release */,
			);
			defaultConfigurationIsVisible = 0;
			defaultConfigurationName = Release;
		};
		84C42A5B1EC2B5570026FAFD /* Build configuration list for PBXNativeTarget "iOS_views" */ = {
			isa = XCConfigurationList;
			buildConfigurations = (
				84C42A5C1EC2B5570026FAFD /* Debug */,
				84C42A5D1EC2B5570026FAFD /* Release */,
			);
			defaultConfigurationIsVisible = 0;
		};
/* End XCConfigurationList section */

/* Begin XCVersionGroup section */
		84C42A501EC2B5570026FAFD /* iOS_views.xcdatamodeld */ = {
			isa = XCVersionGroup;
			children = (
				84C42A511EC2B5570026FAFD /* iOS_views.xcdatamodel */,
			);
			currentVersion = 84C42A511EC2B5570026FAFD /* iOS_views.xcdatamodel */;
			path = iOS_views.xcdatamodeld;
			sourceTree = "<group>";
			versionGroupType = wrapper.xcdatamodel;
		};
/* End XCVersionGroup section */
	};
	rootObject = 84C42A391EC2B5570026FAFD /* Project object */;
}
